# generated by rye
# use `rye lock` or `rye sync` to update this lockfile
#
# last locked with the following flags:
#   pre: false
#   features: []
#   all-features: false
#   with-sources: false
#   generate-hashes: false
#   universal: false

-e file:.
aiohappyeyeballs==2.6.1
    # via aiohttp
aiohttp==3.12.9
    # via python-arango-async
aioredis==2.0.1
    # via papi
aiosignal==1.3.2
    # via aiohttp
aiosqlite==0.21.0
    # via papi
annotated-types==0.7.0
    # via pydantic
anyio==4.9.0
    # via httpx
    # via mcp
    # via sse-starlette
    # via starlette
    # via watchfiles
asttokens==3.0.0
    # via stack-data
async-timeout==5.0.1
    # via aioredis
asyncpg==0.30.0
    # via papi
attrs==25.3.0
    # via aiohttp
authlib==1.6.0
    # via fastmcp
beanie==1.29.0
    # via papi
certifi==2025.4.26
    # via httpcore
    # via httpx
cffi==1.17.1
    # via cryptography
click==8.2.1
    # via beanie
    # via click-default-group
    # via granian
    # via typer
    # via uvicorn
click-default-group==1.2.4
    # via papi
cryptography==45.0.3
    # via authlib
decorator==5.2.1
    # via ipython
dnspython==2.7.0
    # via pymongo
exceptiongroup==1.3.0
    # via fastmcp
executing==2.2.0
    # via stack-data
fastapi==0.115.12
    # via papi
fastmcp==2.6.1
    # via papi
filetype==1.2.0
    # via papi
frozenlist==1.6.2
    # via aiohttp
    # via aiosignal
granian==2.5.4
    # via papi
greenlet==3.2.3
    # via sqlalchemy
h11==0.16.0
    # via httpcore
    # via uvicorn
httpcore==1.0.9
    # via httpx
httpx==0.28.1
    # via fastmcp
    # via mcp
httpx-sse==0.4.0
    # via mcp
idna==3.10
    # via anyio
    # via httpx
    # via yarl
ipython==9.3.0
    # via papi
ipython-pygments-lexers==1.1.1
    # via ipython
jedi==0.19.2
    # via ipython
lazy-model==0.2.0
    # via beanie
loguru==0.7.3
    # via papi
markdown-it-py==3.0.0
    # via rich
matplotlib-inline==0.1.7
    # via ipython
mcp==1.9.3
    # via fastmcp
mdurl==0.1.2
    # via markdown-it-py
motor==3.7.1
    # via beanie
    # via papi
multidict==6.4.4
    # via aiohttp
    # via python-arango-async
    # via yarl
nest-asyncio==1.6.0
    # via papi
openapi-pydantic==0.5.1
    # via fastmcp
packaging==25.0
    # via python-arango-async
parso==0.8.4
    # via jedi
pexpect==4.9.0
    # via ipython
pip==25.1.1
    # via papi
prompt-toolkit==3.0.51
    # via ipython
propcache==0.3.1
    # via aiohttp
    # via yarl
psycopg2-binary==2.9.10
    # via papi
ptyprocess==0.7.0
    # via pexpect
pure-eval==0.2.3
    # via stack-data
pycparser==2.22
    # via cffi
pydantic==2.11.5
    # via beanie
    # via fastapi
    # via lazy-model
    # via mcp
    # via openapi-pydantic
    # via pydantic-settings
pydantic-core==2.33.2
    # via pydantic
pydantic-settings==2.9.1
    # via mcp
pygments==2.19.2
    # via ipython
    # via ipython-pygments-lexers
    # via papi
    # via rich
pyjwt==2.10.1
    # via python-arango-async
pymongo==4.13.0
    # via motor
python-arango-async==0.0.4
    # via papi
python-dotenv==1.1.0
    # via fastmcp
    # via pydantic-settings
python-multipart==0.0.20
    # via mcp
pyyaml==6.0.2
    # via papi
redis==6.2.0
    # via papi
rich==14.0.0
    # via fastmcp
    # via typer
setuptools==80.9.0
    # via python-arango-async
shellingham==1.5.4
    # via typer
sniffio==1.3.1
    # via anyio
sqlalchemy==2.0.41
    # via papi
sse-starlette==2.3.6
    # via mcp
stack-data==0.6.3
    # via ipython
starlette==0.46.2
    # via fastapi
    # via mcp
toml==0.10.2
    # via beanie
traitlets==5.14.3
    # via ipython
    # via matplotlib-inline
typer==0.16.0
    # via fastmcp
typing-extensions==4.14.0
    # via aioredis
    # via aiosqlite
    # via beanie
    # via fastapi
    # via pydantic
    # via pydantic-core
    # via sqlalchemy
    # via typer
    # via typing-inspection
typing-inspection==0.4.1
    # via pydantic
    # via pydantic-settings
uvicorn==0.34.3
    # via mcp
    # via papi
watchfiles==1.1.0
    # via granian
wcwidth==0.2.13
    # via prompt-toolkit
websockets==15.0.1
    # via fastmcp
yarl==1.20.0
    # via aiohttp
